
Microsoft Visual Studio Solution File, Format Version 12.00
# Visual Studio Version 16
VisualStudioVersion = 16.0.31313.79
MinimumVisualStudioVersion = 10.0.40219.1
Project("{FAE04EC0-301F-11D3-BF4B-00C04F79EFBC}") = "MvcMovieTicketSales", "MvcMovieTicketSales\MvcMovieTicketSales.csproj", "{467DF60F-899B-4870-BE4F-0ADFE1B02A57}"
EndProject
Global
	GlobalSection(SolutionConfigurationPlatforms) = preSolution
		Debug|Any CPU = Debug|Any CPU
		Release|Any CPU = Release|Any CPU
	EndGlobalSection
	GlobalSection(ProjectConfigurationPlatforms) = postSolution
		{467DF60F-899B-4870-BE4F-0ADFE1B02A57}.Debug|Any CPU.ActiveCfg = Debug|Any CPU
		{467DF60F-899B-4870-BE4F-0ADFE1B02A57}.Debug|Any CPU.Build.0 = Debug|Any CPU
		{467DF60F-899B-4870-BE4F-0ADFE1B02A57}.Release|Any CPU.ActiveCfg = Release|Any CPU
		{467DF60F-899B-4870-BE4F-0ADFE1B02A57}.Release|Any CPU.Build.0 = Release|Any CPU
	EndGlobalSection
	GlobalSection(SolutionProperties) = preSolution
		HideSolutionNode = FALSE
	EndGlobalSection
	GlobalSection(ExtensibilityGlobals) = postSolution
		SolutionGuid = {4867843F-30EB-4D0D-B1B1-B3C96FB4A410}
	EndGlobalSection
EndGlobal
